{
  "requires": true,
  "lockfileVersion": 1,
  "dependencies": {
    "asn1.js": {
      "version": "5.3.0",
      "resolved": "https://avaldigitallabs.jfrog.io/avaldigitallabs/api/npm/npm/asn1.js/-/asn1.js-5.3.0.tgz",
      "integrity": "sha1-Q5CZ/pF04Jz/WlSp3acCYFF+hok=",
      "requires": {
        "bn.js": "4.11.8",
        "inherits": "2.0.4",
        "minimalistic-assert": "1.0.1",
        "safer-buffer": "2.1.2"
      }
    },
    "bn.js": {
      "version": "4.11.8",
      "resolved": "https://avaldigitallabs.jfrog.io/avaldigitallabs/api/npm/npm/bn.js/-/bn.js-4.11.8.tgz",
      "integrity": "sha1-LN4J617jQfSEdGuwMJsyU7GxRC8="
    },
    "inherits": {
      "version": "2.0.4",
      "resolved": "https://avaldigitallabs.jfrog.io/avaldigitallabs/api/npm/npm/inherits/-/inherits-2.0.4.tgz",
      "integrity": "sha1-D6LGT5MpF8NDOg3tVTY6rjdBa3w="
    },
    "minimalistic-assert": {
      "version": "1.0.1",
      "resolved": "https://avaldigitallabs.jfrog.io/avaldigitallabs/api/npm/npm/minimalistic-assert/-/minimalistic-assert-1.0.1.tgz",
      "integrity": "sha1-LhlN4ERibUoQ5/f7wAznPoPk1cc="
    },
    "pem-jwk": {
      "version": "2.0.0",
      "resolved": "https://avaldigitallabs.jfrog.io/avaldigitallabs/api/npm/npm/pem-jwk/-/pem-jwk-2.0.0.tgz",
      "integrity": "sha1-HFuyZGEvw5E0CQf1wd5gwG0i8IU=",
      "requires": {
        "asn1.js": "5.3.0"
      }
    },
    "safer-buffer": {
      "version": "2.1.2",
      "resolved": "https://avaldigitallabs.jfrog.io/avaldigitallabs/api/npm/npm/safer-buffer/-/safer-buffer-2.1.2.tgz",
      "integrity": "sha1-RPoWGwGHuVSd2Eu5GAL5vYOFzWo="
    }
  }
}
